// !$*UTF8*$!
{
	archiveVersion = 1;
	classes = {
	};
	objectVersion = 46;
	objects = {

/* Begin PBXBuildFile section */
		0903A32E0B074F83B5DF74A7 /* libPods.a in Frameworks */ = {isa = PBXBuildFile; fileRef = E970D4BD5E044B4F924E34F5 /* libPods.a */; };
		1F165BC8B843419D89030F98 /* libPods-TempsTests.a in Frameworks */ = {isa = PBXBuildFile; fileRef = 755C08302DF542B29459ED98 /* libPods-TempsTests.a */; };
		AA159EA91737F28000D8045A /* UIKit.framework in Frameworks */ = {isa = PBXBuildFile; fileRef = AA159EA81737F28000D8045A /* UIKit.framework */; };
		AA159EAB1737F28000D8045A /* Foundation.framework in Frameworks */ = {isa = PBXBuildFile; fileRef = AA159EAA1737F28000D8045A /* Foundation.framework */; };
		AA159EAD1737F28000D8045A /* CoreGraphics.framework in Frameworks */ = {isa = PBXBuildFile; fileRef = AA159EAC1737F28000D8045A /* CoreGraphics.framework */; };
		AA159EB31737F28000D8045A /* InfoPlist.strings in Resources */ = {isa = PBXBuildFile; fileRef = AA159EB11737F28000D8045A /* InfoPlist.strings */; };
		AA159EB51737F28100D8045A /* main.m in Sources */ = {isa = PBXBuildFile; fileRef = AA159EB41737F28100D8045A /* main.m */; };
		AA159EB91737F28100D8045A /* AAppDelegate.m in Sources */ = {isa = PBXBuildFile; fileRef = AA159EB81737F28100D8045A /* AAppDelegate.m */; };
		AA159EBB1737F28100D8045A /* Default.png in Resources */ = {isa = PBXBuildFile; fileRef = AA159EBA1737F28100D8045A /* Default.png */; };
		AA159EBD1737F28100D8045A /* Default@2x.png in Resources */ = {isa = PBXBuildFile; fileRef = AA159EBC1737F28100D8045A /* Default@2x.png */; };
		AA159EBF1737F28100D8045A /* Default-568h@2x.png in Resources */ = {isa = PBXBuildFile; fileRef = AA159EBE1737F28100D8045A /* Default-568h@2x.png */; };
		AA159EC21737F28100D8045A /* MainStoryboard.storyboard in Resources */ = {isa = PBXBuildFile; fileRef = AA159EC01737F28100D8045A /* MainStoryboard.storyboard */; };
		AA159EC51737F28100D8045A /* AViewController.m in Sources */ = {isa = PBXBuildFile; fileRef = AA159EC41737F28100D8045A /* AViewController.m */; };
		AA159ECD1737F28100D8045A /* SenTestingKit.framework in Frameworks */ = {isa = PBXBuildFile; fileRef = AA159ECC1737F28100D8045A /* SenTestingKit.framework */; };
		AA159ECE1737F28100D8045A /* UIKit.framework in Frameworks */ = {isa = PBXBuildFile; fileRef = AA159EA81737F28000D8045A /* UIKit.framework */; };
		AA159ECF1737F28100D8045A /* Foundation.framework in Frameworks */ = {isa = PBXBuildFile; fileRef = AA159EAA1737F28000D8045A /* Foundation.framework */; };
		AA159ED71737F28100D8045A /* InfoPlist.strings in Resources */ = {isa = PBXBuildFile; fileRef = AA159ED51737F28100D8045A /* InfoPlist.strings */; };
		AA159EE51737F7BB00D8045A /* AForecastrSpec.m in Sources */ = {isa = PBXBuildFile; fileRef = AA159EE41737F7BB00D8045A /* AForecastrSpec.m */; };
		AA159EE81738007A00D8045A /* AForecastIO.m in Sources */ = {isa = PBXBuildFile; fileRef = AA159EE71738007A00D8045A /* AForecastIO.m */; };
		AA159EE91738007A00D8045A /* AForecastIO.m in Sources */ = {isa = PBXBuildFile; fileRef = AA159EE71738007A00D8045A /* AForecastIO.m */; };
/* End PBXBuildFile section */

/* Begin PBXContainerItemProxy section */
		AA159ED01737F28100D8045A /* PBXContainerItemProxy */ = {
			isa = PBXContainerItemProxy;
			containerPortal = AA159E9D1737F28000D8045A /* Project object */;
			proxyType = 1;
			remoteGlobalIDString = AA159EA41737F28000D8045A;
			remoteInfo = Temps;
		};
/* End PBXContainerItemProxy section */

/* Begin PBXFileReference section */
		48F0D9C60D844FEF901F1FE2 /* Pods-TempsTests.xcconfig */ = {isa = PBXFileReference; includeInIndex = 1; lastKnownFileType = text.xcconfig; name = "Pods-TempsTests.xcconfig"; path = "Pods/Pods-TempsTests.xcconfig"; sourceTree = SOURCE_ROOT; };
		755C08302DF542B29459ED98 /* libPods-TempsTests.a */ = {isa = PBXFileReference; explicitFileType = archive.ar; includeInIndex = 0; path = "libPods-TempsTests.a"; sourceTree = BUILT_PRODUCTS_DIR; };
		AA159EA51737F28000D8045A /* Temps.app */ = {isa = PBXFileReference; explicitFileType = wrapper.application; includeInIndex = 0; path = Temps.app; sourceTree = BUILT_PRODUCTS_DIR; };
		AA159EA81737F28000D8045A /* UIKit.framework */ = {isa = PBXFileReference; lastKnownFileType = wrapper.framework; name = UIKit.framework; path = System/Library/Frameworks/UIKit.framework; sourceTree = SDKROOT; };
		AA159EAA1737F28000D8045A /* Foundation.framework */ = {isa = PBXFileReference; lastKnownFileType = wrapper.framework; name = Foundation.framework; path = System/Library/Frameworks/Foundation.framework; sourceTree = SDKROOT; };
		AA159EAC1737F28000D8045A /* CoreGraphics.framework */ = {isa = PBXFileReference; lastKnownFileType = wrapper.framework; name = CoreGraphics.framework; path = System/Library/Frameworks/CoreGraphics.framework; sourceTree = SDKROOT; };
		AA159EB01737F28000D8045A /* Temps-Info.plist */ = {isa = PBXFileReference; lastKnownFileType = text.plist.xml; path = "Temps-Info.plist"; sourceTree = "<group>"; };
		AA159EB21737F28000D8045A /* en */ = {isa = PBXFileReference; lastKnownFileType = text.plist.strings; name = en; path = en.lproj/InfoPlist.strings; sourceTree = "<group>"; };
		AA159EB41737F28100D8045A /* main.m */ = {isa = PBXFileReference; lastKnownFileType = sourcecode.c.objc; path = main.m; sourceTree = "<group>"; };
		AA159EB61737F28100D8045A /* Temps-Prefix.pch */ = {isa = PBXFileReference; lastKnownFileType = sourcecode.c.h; path = "Temps-Prefix.pch"; sourceTree = "<group>"; };
		AA159EB71737F28100D8045A /* AAppDelegate.h */ = {isa = PBXFileReference; lastKnownFileType = sourcecode.c.h; path = AAppDelegate.h; sourceTree = "<group>"; };
		AA159EB81737F28100D8045A /* AAppDelegate.m */ = {isa = PBXFileReference; lastKnownFileType = sourcecode.c.objc; path = AAppDelegate.m; sourceTree = "<group>"; };
		AA159EBA1737F28100D8045A /* Default.png */ = {isa = PBXFileReference; lastKnownFileType = image.png; path = Default.png; sourceTree = "<group>"; };
		AA159EBC1737F28100D8045A /* Default@2x.png */ = {isa = PBXFileReference; lastKnownFileType = image.png; path = "Default@2x.png"; sourceTree = "<group>"; };
		AA159EBE1737F28100D8045A /* Default-568h@2x.png */ = {isa = PBXFileReference; lastKnownFileType = image.png; path = "Default-568h@2x.png"; sourceTree = "<group>"; };
		AA159EC11737F28100D8045A /* en */ = {isa = PBXFileReference; lastKnownFileType = file.storyboard; name = en; path = en.lproj/MainStoryboard.storyboard; sourceTree = "<group>"; };
		AA159EC31737F28100D8045A /* AViewController.h */ = {isa = PBXFileReference; lastKnownFileType = sourcecode.c.h; path = AViewController.h; sourceTree = "<group>"; };
		AA159EC41737F28100D8045A /* AViewController.m */ = {isa = PBXFileReference; lastKnownFileType = sourcecode.c.objc; path = AViewController.m; sourceTree = "<group>"; };
		AA159ECB1737F28100D8045A /* TempsTests.octest */ = {isa = PBXFileReference; explicitFileType = wrapper.cfbundle; includeInIndex = 0; path = TempsTests.octest; sourceTree = BUILT_PRODUCTS_DIR; };
		AA159ECC1737F28100D8045A /* SenTestingKit.framework */ = {isa = PBXFileReference; lastKnownFileType = wrapper.framework; name = SenTestingKit.framework; path = Library/Frameworks/SenTestingKit.framework; sourceTree = DEVELOPER_DIR; };
		AA159ED41737F28100D8045A /* TempsTests-Info.plist */ = {isa = PBXFileReference; lastKnownFileType = text.plist.xml; path = "TempsTests-Info.plist"; sourceTree = "<group>"; };
		AA159ED61737F28100D8045A /* en */ = {isa = PBXFileReference; lastKnownFileType = text.plist.strings; name = en; path = en.lproj/InfoPlist.strings; sourceTree = "<group>"; };
		AA159EE41737F7BB00D8045A /* AForecastrSpec.m */ = {isa = PBXFileReference; fileEncoding = 4; lastKnownFileType = sourcecode.c.objc; path = AForecastrSpec.m; sourceTree = "<group>"; };
		AA159EE61738007A00D8045A /* AForecastIO.h */ = {isa = PBXFileReference; fileEncoding = 4; lastKnownFileType = sourcecode.c.h; path = AForecastIO.h; sourceTree = "<group>"; };
		AA159EE71738007A00D8045A /* AForecastIO.m */ = {isa = PBXFileReference; fileEncoding = 4; lastKnownFileType = sourcecode.c.objc; path = AForecastIO.m; sourceTree = "<group>"; };
		B525588A6B6E4905920648A7 /* Pods.xcconfig */ = {isa = PBXFileReference; includeInIndex = 1; lastKnownFileType = text.xcconfig; name = Pods.xcconfig; path = Pods/Pods.xcconfig; sourceTree = SOURCE_ROOT; };
		E970D4BD5E044B4F924E34F5 /* libPods.a */ = {isa = PBXFileReference; explicitFileType = archive.ar; includeInIndex = 0; path = libPods.a; sourceTree = BUILT_PRODUCTS_DIR; };
/* End PBXFileReference section */

/* Begin PBXFrameworksBuildPhase section */
		AA159EA21737F28000D8045A /* Frameworks */ = {
			isa = PBXFrameworksBuildPhase;
			buildActionMask = 2147483647;
			files = (
				AA159EA91737F28000D8045A /* UIKit.framework in Frameworks */,
				AA159EAB1737F28000D8045A /* Foundation.framework in Frameworks */,
				AA159EAD1737F28000D8045A /* CoreGraphics.framework in Frameworks */,
				0903A32E0B074F83B5DF74A7 /* libPods.a in Frameworks */,
			);
			runOnlyForDeploymentPostprocessing = 0;
		};
		AA159EC71737F28100D8045A /* Frameworks */ = {
			isa = PBXFrameworksBuildPhase;
			buildActionMask = 2147483647;
			files = (
				AA159ECD1737F28100D8045A /* SenTestingKit.framework in Frameworks */,
				AA159ECE1737F28100D8045A /* UIKit.framework in Frameworks */,
				AA159ECF1737F28100D8045A /* Foundation.framework in Frameworks */,
				1F165BC8B843419D89030F98 /* libPods-TempsTests.a in Frameworks */,
			);
			runOnlyForDeploymentPostprocessing = 0;
		};
/* End PBXFrameworksBuildPhase section */

/* Begin PBXGroup section */
		AA159E9C1737F28000D8045A = {
			isa = PBXGroup;
			children = (
				AA159EAE1737F28000D8045A /* Temps */,
				AA159ED21737F28100D8045A /* Tests */,
				AA159EA71737F28000D8045A /* Frameworks */,
				AA159EA61737F28000D8045A /* Products */,
			);
			sourceTree = "<group>";
		};
		AA159EA61737F28000D8045A /* Products */ = {
			isa = PBXGroup;
			children = (
				AA159EA51737F28000D8045A /* Temps.app */,
				AA159ECB1737F28100D8045A /* TempsTests.octest */,
			);
			name = Products;
			sourceTree = "<group>";
		};
		AA159EA71737F28000D8045A /* Frameworks */ = {
			isa = PBXGroup;
			children = (
				AA159EAC1737F28000D8045A /* CoreGraphics.framework */,
				AA159EAA1737F28000D8045A /* Foundation.framework */,
				AA159ECC1737F28100D8045A /* SenTestingKit.framework */,
				AA159EA81737F28000D8045A /* UIKit.framework */,
				E970D4BD5E044B4F924E34F5 /* libPods.a */,
				755C08302DF542B29459ED98 /* libPods-TempsTests.a */,
			);
			name = Frameworks;
			sourceTree = "<group>";
		};
		AA159EAE1737F28000D8045A /* Temps */ = {
			isa = PBXGroup;
			children = (
				AA159EE61738007A00D8045A /* AForecastIO.h */,
				AA159EE71738007A00D8045A /* AForecastIO.m */,
				AA159EC01737F28100D8045A /* MainStoryboard.storyboard */,
				AA159EB71737F28100D8045A /* AAppDelegate.h */,
				AA159EB81737F28100D8045A /* AAppDelegate.m */,
				AA159EC31737F28100D8045A /* AViewController.h */,
				AA159EC41737F28100D8045A /* AViewController.m */,
				AA159EAF1737F28000D8045A /* Supporting Files */,
			);
			path = Temps;
			sourceTree = "<group>";
		};
		AA159EAF1737F28000D8045A /* Supporting Files */ = {
			isa = PBXGroup;
			children = (
				B525588A6B6E4905920648A7 /* Pods.xcconfig */,
				AA159EB01737F28000D8045A /* Temps-Info.plist */,
				AA159EB11737F28000D8045A /* InfoPlist.strings */,
				AA159EB41737F28100D8045A /* main.m */,
				AA159EB61737F28100D8045A /* Temps-Prefix.pch */,
				AA159EBA1737F28100D8045A /* Default.png */,
				AA159EBC1737F28100D8045A /* Default@2x.png */,
				AA159EBE1737F28100D8045A /* Default-568h@2x.png */,
			);
			name = "Supporting Files";
			sourceTree = "<group>";
		};
		AA159ED21737F28100D8045A /* Tests */ = {
			isa = PBXGroup;
			children = (
				AA159EE41737F7BB00D8045A /* AForecastrSpec.m */,
				AA159ED31737F28100D8045A /* Supporting Files */,
			);
			name = Tests;
			path = TempsTests;
			sourceTree = "<group>";
		};
		AA159ED31737F28100D8045A /* Supporting Files */ = {
			isa = PBXGroup;
			children = (
				48F0D9C60D844FEF901F1FE2 /* Pods-TempsTests.xcconfig */,
				AA159ED41737F28100D8045A /* TempsTests-Info.plist */,
				AA159ED51737F28100D8045A /* InfoPlist.strings */,
			);
			name = "Supporting Files";
			sourceTree = "<group>";
		};
/* End PBXGroup section */

/* Begin PBXNativeTarget section */
		AA159EA41737F28000D8045A /* Temps */ = {
			isa = PBXNativeTarget;
			buildConfigurationList = AA159EDD1737F28100D8045A /* Build configuration list for PBXNativeTarget "Temps" */;
			buildPhases = (
				2006B3A1B3C148E8A29A9D89 /* Check Pods Manifest.lock */,
				AA159EA11737F28000D8045A /* Sources */,
				AA159EA21737F28000D8045A /* Frameworks */,
				AA159EA31737F28000D8045A /* Resources */,
				E05887488C8D4241BFB450AB /* Copy Pods Resources */,
			);
			buildRules = (
			);
			dependencies = (
			);
			name = Temps;
			productName = Temps;
			productReference = AA159EA51737F28000D8045A /* Temps.app */;
			productType = "com.apple.product-type.application";
		};
		AA159ECA1737F28100D8045A /* TempsTests */ = {
			isa = PBXNativeTarget;
			buildConfigurationList = AA159EE01737F28100D8045A /* Build configuration list for PBXNativeTarget "TempsTests" */;
			buildPhases = (
				9D85D1FBA9124351AF5B67A5 /* Check Pods Manifest.lock */,
				AA159EC61737F28100D8045A /* Sources */,
				AA159EC71737F28100D8045A /* Frameworks */,
				AA159EC81737F28100D8045A /* Resources */,
				AA159EC91737F28100D8045A /* ShellScript */,
				24115124F5AC4478A14B490D /* Copy Pods Resources */,
			);
			buildRules = (
			);
			dependencies = (
				AA159ED11737F28100D8045A /* PBXTargetDependency */,
			);
			name = TempsTests;
			productName = TempsTests;
			productReference = AA159ECB1737F28100D8045A /* TempsTests.octest */;
			productType = "com.apple.product-type.bundle";
		};
/* End PBXNativeTarget section */

/* Begin PBXProject section */
		AA159E9D1737F28000D8045A /* Project object */ = {
			isa = PBXProject;
			attributes = {
				CLASSPREFIX = A;
				LastUpgradeCheck = 0460;
				ORGANIZATIONNAME = "Art & Logic";
			};
			buildConfigurationList = AA159EA01737F28000D8045A /* Build configuration list for PBXProject "Temps" */;
			compatibilityVersion = "Xcode 3.2";
			developmentRegion = English;
			hasScannedForEncodings = 0;
			knownRegions = (
				en,
			);
			mainGroup = AA159E9C1737F28000D8045A;
			productRefGroup = AA159EA61737F28000D8045A /* Products */;
			projectDirPath = "";
			projectRoot = "";
			targets = (
				AA159EA41737F28000D8045A /* Temps */,
				AA159ECA1737F28100D8045A /* TempsTests */,
			);
		};
/* End PBXProject section */

/* Begin PBXResourcesBuildPhase section */
		AA159EA31737F28000D8045A /* Resources */ = {
			isa = PBXResourcesBuildPhase;
			buildActionMask = 2147483647;
			files = (
				AA159EB31737F28000D8045A /* InfoPlist.strings in Resources */,
				AA159EBB1737F28100D8045A /* Default.png in Resources */,
				AA159EBD1737F28100D8045A /* Default@2x.png in Resources */,
				AA159EBF1737F28100D8045A /* Default-568h@2x.png in Resources */,
				AA159EC21737F28100D8045A /* MainStoryboard.storyboard in Resources */,
			);
			runOnlyForDeploymentPostprocessing = 0;
		};
		AA159EC81737F28100D8045A /* Resources */ = {
			isa = PBXResourcesBuildPhase;
			buildActionMask = 2147483647;
			files = (
				AA159ED71737F28100D8045A /* InfoPlist.strings in Resources */,
			);
			runOnlyForDeploymentPostprocessing = 0;
		};
/* End PBXResourcesBuildPhase section */

/* Begin PBXShellScriptBuildPhase section */
		2006B3A1B3C148E8A29A9D89 /* Check Pods Manifest.lock */ = {
			isa = PBXShellScriptBuildPhase;
			buildActionMask = 2147483647;
			files = (
			);
			inputPaths = (
			);
			name = "Check Pods Manifest.lock";
			outputPaths = (
			);
			runOnlyForDeploymentPostprocessing = 0;
			shellPath = /bin/sh;
			shellScript = "diff \"${PODS_ROOT}/../Podfile.lock\" \"${PODS_ROOT}/Manifest.lock\" > /dev/null\nif [[ $? != 0 ]] ; then\n    cat << EOM\nerror: The sandbox is not in sync with the Podfile.lock. Run 'pod install' or update your CocoaPods installation.\nEOM\n    exit 1\nfi\n";
		};
		24115124F5AC4478A14B490D /* Copy Pods Resources */ = {
			isa = PBXShellScriptBuildPhase;
			buildActionMask = 2147483647;
			files = (
			);
			inputPaths = (
			);
			name = "Copy Pods Resources";
			outputPaths = (
			);
			runOnlyForDeploymentPostprocessing = 0;
			shellPath = /bin/sh;
			shellScript = "\"${SRCROOT}/Pods/Pods-TempsTests-resources.sh\"\n";
		};
		9D85D1FBA9124351AF5B67A5 /* Check Pods Manifest.lock */ = {
			isa = PBXShellScriptBuildPhase;
			buildActionMask = 2147483647;
			files = (
			);
			inputPaths = (
			);
			name = "Check Pods Manifest.lock";
			outputPaths = (
			);
			runOnlyForDeploymentPostprocessing = 0;
			shellPath = /bin/sh;
			shellScript = "diff \"${PODS_ROOT}/../Podfile.lock\" \"${PODS_ROOT}/Manifest.lock\" > /dev/null\nif [[ $? != 0 ]] ; then\n    cat << EOM\nerror: The sandbox is not in sync with the Podfile.lock. Run 'pod install' or update your CocoaPods installation.\nEOM\n    exit 1\nfi\n";
		};
		AA159EC91737F28100D8045A /* ShellScript */ = {
			isa = PBXShellScriptBuildPhase;
			buildActionMask = 2147483647;
			files = (
			);
			inputPaths = (
			);
			outputPaths = (
			);
			runOnlyForDeploymentPostprocessing = 0;
			shellPath = /bin/sh;
			shellScript = "# Run the unit tests in this test bundle.\n\"${SYSTEM_DEVELOPER_DIR}/Tools/RunUnitTests\"\n";
		};
		E05887488C8D4241BFB450AB /* Copy Pods Resources */ = {
			isa = PBXShellScriptBuildPhase;
			buildActionMask = 2147483647;
			files = (
			);
			inputPaths = (
			);
			name = "Copy Pods Resources";
			outputPaths = (
			);
			runOnlyForDeploymentPostprocessing = 0;
			shellPath = /bin/sh;
			shellScript = "\"${SRCROOT}/Pods/Pods-resources.sh\"\n";
		};
/* End PBXShellScriptBuildPhase section */

/* Begin PBXSourcesBuildPhase section */
		AA159EA11737F28000D8045A /* Sources */ = {
			isa = PBXSourcesBuildPhase;
			buildActionMask = 2147483647;
			files = (
				AA159EB51737F28100D8045A /* main.m in Sources */,
				AA159EB91737F28100D8045A /* AAppDelegate.m in Sources */,
				AA159EC51737F28100D8045A /* AViewController.m in Sources */,
				AA159EE81738007A00D8045A /* AForecastIO.m in Sources */,
			);
			runOnlyForDeploymentPostprocessing = 0;
		};
		AA159EC61737F28100D8045A /* Sources */ = {
			isa = PBXSourcesBuildPhase;
			buildActionMask = 2147483647;
			files = (
				AA159EE51737F7BB00D8045A /* AForecastrSpec.m in Sources */,
				AA159EE91738007A00D8045A /* AForecastIO.m in Sources */,
			);
			runOnlyForDeploymentPostprocessing = 0;
		};
/* End PBXSourcesBuildPhase section */

/* Begin PBXTargetDependency section */
		AA159ED11737F28100D8045A /* PBXTargetDependency */ = {
			isa = PBXTargetDependency;
			target = AA159EA41737F28000D8045A /* Temps */;
			targetProxy = AA159ED01737F28100D8045A /* PBXContainerItemProxy */;
		};
/* End PBXTargetDependency section */

/* Begin PBXVariantGroup section */
		AA159EB11737F28000D8045A /* InfoPlist.strings */ = {
			isa = PBXVariantGroup;
			children = (
				AA159EB21737F28000D8045A /* en */,
			);
			name = InfoPlist.strings;
			sourceTree = "<group>";
		};
		AA159EC01737F28100D8045A /* MainStoryboard.storyboard */ = {
			isa = PBXVariantGroup;
			children = (
				AA159EC11737F28100D8045A /* en */,
			);
			name = MainStoryboard.storyboard;
			sourceTree = "<group>";
		};
		AA159ED51737F28100D8045A /* InfoPlist.strings */ = {
			isa = PBXVariantGroup;
			children = (
				AA159ED61737F28100D8045A /* en */,
			);
			name = InfoPlist.strings;
			sourceTree = "<group>";
		};
/* End PBXVariantGroup section */

/* Begin XCBuildConfiguration section */
		AA159EDB1737F28100D8045A /* Debug */ = {
			isa = XCBuildConfiguration;
			buildSettings = {
				ALWAYS_SEARCH_USER_PATHS = NO;
				CLANG_CXX_LANGUAGE_STANDARD = "gnu++0x";
				CLANG_CXX_LIBRARY = "libc++";
				CLANG_ENABLE_OBJC_ARC = YES;
				CLANG_WARN_CONSTANT_CONVERSION = YES;
				CLANG_WARN_EMPTY_BODY = YES;
				CLANG_WARN_ENUM_CONVERSION = YES;
				CLANG_WARN_INT_CONVERSION = YES;
				CLANG_WARN__DUPLICATE_METHOD_MATCH = YES;
				"CODE_SIGN_IDENTITY[sdk=iphoneos*]" = "iPhone Developer";
				COPY_PHASE_STRIP = NO;
				GCC_C_LANGUAGE_STANDARD = gnu99;
				GCC_DYNAMIC_NO_PIC = NO;
				GCC_OPTIMIZATION_LEVEL = 0;
				GCC_PREPROCESSOR_DEFINITIONS = (
					"DEBUG=1",
					"$(inherited)",
				);
				GCC_SYMBOLS_PRIVATE_EXTERN = NO;
				GCC_WARN_ABOUT_RETURN_TYPE = YES;
				GCC_WARN_UNINITIALIZED_AUTOS = YES;
				GCC_WARN_UNUSED_VARIABLE = YES;
				IPHONEOS_DEPLOYMENT_TARGET = 6.1;
				ONLY_ACTIVE_ARCH = YES;
				SDKROOT = iphoneos;
			};
			name = Debug;
		};
		AA159EDC1737F28100D8045A /* Release */ = {
			isa = XCBuildConfiguration;
			buildSettings = {
				ALWAYS_SEARCH_USER_PATHS = NO;
				CLANG_CXX_LANGUAGE_STANDARD = "gnu++0x";
				CLANG_CXX_LIBRARY = "libc++";
				CLANG_ENABLE_OBJC_ARC = YES;
				CLANG_WARN_CONSTANT_CONVERSION = YES;
				CLANG_WARN_EMPTY_BODY = YES;
				CLANG_WARN_ENUM_CONVERSION = YES;
				CLANG_WARN_INT_CONVERSION = YES;
				CLANG_WARN__DUPLICATE_METHOD_MATCH = YES;
				"CODE_SIGN_IDENTITY[sdk=iphoneos*]" = "iPhone Developer";
				COPY_PHASE_STRIP = YES;
				GCC_C_LANGUAGE_STANDARD = gnu99;
				GCC_WARN_ABOUT_RETURN_TYPE = YES;
				GCC_WARN_UNINITIALIZED_AUTOS = YES;
				GCC_WARN_UNUSED_VARIABLE = YES;
				IPHONEOS_DEPLOYMENT_TARGET = 6.1;
				OTHER_CFLAGS = "-DNS_BLOCK_ASSERTIONS=1";
				SDKROOT = iphoneos;
				VALIDATE_PRODUCT = YES;
			};
			name = Release;
		};
		AA159EDE1737F28100D8045A /* Debug */ = {
			isa = XCBuildConfiguration;
			baseConfigurationReference = B525588A6B6E4905920648A7 /* Pods.xcconfig */;
			buildSettings = {
				GCC_PRECOMPILE_PREFIX_HEADER = YES;
				GCC_PREFIX_HEADER = "Temps/Temps-Prefix.pch";
				INFOPLIST_FILE = "Temps/Temps-Info.plist";
				PRODUCT_NAME = "$(TARGET_NAME)";
				WRAPPER_EXTENSION = app;
			};
			name = Debug;
		};
		AA159EDF1737F28100D8045A /* Release */ = {
			isa = XCBuildConfiguration;
			baseConfigurationReference = B525588A6B6E4905920648A7 /* Pods.xcconfig */;
			buildSettings = {
				GCC_PRECOMPILE_PREFIX_HEADER = YES;
				GCC_PREFIX_HEADER = "Temps/Temps-Prefix.pch";
				INFOPLIST_FILE = "Temps/Temps-Info.plist";
				PRODUCT_NAME = "$(TARGET_NAME)";
				WRAPPER_EXTENSION = app;
			};
			name = Release;
		};
		AA159EE11737F28100D8045A /* Debug */ = {
			isa = XCBuildConfiguration;
			baseConfigurationReference = 48F0D9C60D844FEF901F1FE2 /* Pods-TempsTests.xcconfig */;
			buildSettings = {
				BUNDLE_LOADER = "$(BUILT_PRODUCTS_DIR)/Temps.app/Temps";
				FRAMEWORK_SEARCH_PATHS = "$(inherited)";
				GCC_PRECOMPILE_PREFIX_HEADER = YES;
				GCC_PREFIX_HEADER = "Temps/Temps-Prefix.pch";
				INFOPLIST_FILE = "TempsTests/TempsTests-Info.plist";
				PRODUCT_NAME = "$(TARGET_NAME)";
				TEST_HOST = "$(BUNDLE_LOADER)";
				WRAPPER_EXTENSION = octest;
			};
			name = Debug;
		};
		AA159EE21737F28100D8045A /* Release */ = {
			isa = XCBuildConfiguration;
			baseConfigurationReference = 48F0D9C60D844FEF901F1FE2 /* Pods-TempsTests.xcconfig */;
			buildSettings = {
				BUNDLE_LOADER = "$(BUILT_PRODUCTS_DIR)/Temps.app/Temps";
				FRAMEWORK_SEARCH_PATHS = "$(inherited)";
				GCC_PRECOMPILE_PREFIX_HEADER = YES;
				GCC_PREFIX_HEADER = "Temps/Temps-Prefix.pch";
				INFOPLIST_FILE = "TempsTests/TempsTests-Info.plist";
				PRODUCT_NAME = "$(TARGET_NAME)";
				TEST_HOST = "$(BUNDLE_LOADER)";
				WRAPPER_EXTENSION = octest;
			};
			name = Release;
		};
/* End XCBuildConfiguration section */

/* Begin XCConfigurationList section */
		AA159EA01737F28000D8045A /* Build configuration list for PBXProject "Temps" */ = {
			isa = XCConfigurationList;
			buildConfigurations = (
				AA159EDB1737F28100D8045A /* Debug */,
				AA159EDC1737F28100D8045A /* Release */,
			);
			defaultConfigurationIsVisible = 0;
			defaultConfigurationName = Release;
		};
		AA159EDD1737F28100D8045A /* Build configuration list for PBXNativeTarget "Temps" */ = {
			isa = XCConfigurationList;
			buildConfigurations = (
				AA159EDE1737F28100D8045A /* Debug */,
				AA159EDF1737F28100D8045A /* Release */,
			);
			defaultConfigurationIsVisible = 0;
			defaultConfigurationName = Release;
		};
		AA159EE01737F28100D8045A /* Build configuration list for PBXNativeTarget "TempsTests" */ = {
			isa = XCConfigurationList;
			buildConfigurations = (
				AA159EE11737F28100D8045A /* Debug */,
				AA159EE21737F28100D8045A /* Release */,
			);
			defaultConfigurationIsVisible = 0;
			defaultConfigurationName = Release;
		};
/* End XCConfigurationList section */
	};
	rootObject = AA159E9D1737F28000D8045A /* Project object */;
}
